
Microsoft Visual Studio Solution File, Format Version 12.00
# Visual Studio 14
VisualStudioVersion = 14.0.25420.1
MinimumVisualStudioVersion = 10.0.40219.1
Project("{FAE04EC0-301F-11D3-BF4B-00C04F79EFBC}") = "MyHashTable", "MyHashTable\MyHashTable.csproj", "{4060334E-DB4F-46D9-9E83-EFD89AA76E88}"
EndProject
Project("{FAE04EC0-301F-11D3-BF4B-00C04F79EFBC}") = "MyHashTable.Test", "MyHashTable.Test\MyHashTable.Test.csproj", "{C763A600-9779-428A-95AE-22435EB08049}"
EndProject
Global
	GlobalSection(SolutionConfigurationPlatforms) = preSolution
		Debug|Any CPU = Debug|Any CPU
		Release|Any CPU = Release|Any CPU
	EndGlobalSection
	GlobalSection(ProjectConfigurationPlatforms) = postSolution
		{4060334E-DB4F-46D9-9E83-EFD89AA76E88}.Debug|Any CPU.ActiveCfg = Debug|Any CPU
		{4060334E-DB4F-46D9-9E83-EFD89AA76E88}.Debug|Any CPU.Build.0 = Debug|Any CPU
		{4060334E-DB4F-46D9-9E83-EFD89AA76E88}.Release|Any CPU.ActiveCfg = Release|Any CPU
		{4060334E-DB4F-46D9-9E83-EFD89AA76E88}.Release|Any CPU.Build.0 = Release|Any CPU
		{C763A600-9779-428A-95AE-22435EB08049}.Debug|Any CPU.ActiveCfg = Debug|Any CPU
		{C763A600-9779-428A-95AE-22435EB08049}.Debug|Any CPU.Build.0 = Debug|Any CPU
		{C763A600-9779-428A-95AE-22435EB08049}.Release|Any CPU.ActiveCfg = Release|Any CPU
		{C763A600-9779-428A-95AE-22435EB08049}.Release|Any CPU.Build.0 = Release|Any CPU
	EndGlobalSection
	GlobalSection(SolutionProperties) = preSolution
		HideSolutionNode = FALSE
	EndGlobalSection
EndGlobal
